{
    "name": "Share",
    "lockfileVersion": 3,
    "requires": true,
    "packages": {
        "": {
            "license": "UNLICENSED",
            "dependencies": {
                "leaflet": "^1.9.4",
                "webpack-jquery-ui": "^2.0.1"
            },
            "devDependencies": {
                "@babel/core": "^7.17.0",
                "@babel/preset-env": "^7.16.0",
                "@symfony/webpack-encore": "^5.0.1",
                "core-js": "^3.38.0",
                "jquery": "^3.7.1",
                "regenerator-runtime": "^0.13.9",
                "webpack": "^5.74.0",
                "webpack-cli": "^5.1.0",
                "webpack-notifier": "^1.15.0"
            }

        }
    }
}